
Microsoft Visual Studio Solution File, Format Version 11.00
# Visual Studio 2010
Project("{8BC9CEB8-8B4A-11D0-8D11-00A0C91BC942}") = "TLD_V2", "TLD_V2\TLD_V2.vcxproj", "{8939A5CF-6BE8-4C6E-B4AF-81BF2FF179BF}"
EndProject
Global
	GlobalSection(SolutionConfigurationPlatforms) = preSolution
		Debug|Win32 = Debug|Win32
		Release|Win32 = Release|Win32
	EndGlobalSection
	GlobalSection(ProjectConfigurationPlatforms) = postSolution
		{8939A5CF-6BE8-4C6E-B4AF-81BF2FF179BF}.Debug|Win32.ActiveCfg = Debug|Win32
		{8939A5CF-6BE8-4C6E-B4AF-81BF2FF179BF}.Debug|Win32.Build.0 = Debug|Win32
		{8939A5CF-6BE8-4C6E-B4AF-81BF2FF179BF}.Release|Win32.ActiveCfg = Release|Win32
		{8939A5CF-6BE8-4C6E-B4AF-81BF2FF179BF}.Release|Win32.Build.0 = Release|Win32
	EndGlobalSection
	GlobalSection(SolutionProperties) = preSolution
		HideSolutionNode = FALSE
	EndGlobalSection
EndGlobal
